PODS:
  - SnapKit (5.6.0)
  - Then (3.0.0)

DEPENDENCIES:
  - SnapKit
  - Then

SPEC REPOS:
  trunk:
    - SnapKit
    - Then

SPEC CHECKSUMS:
  SnapKit: e01d52ebb8ddbc333eefe2132acf85c8227d9c25
  Then: 844265ae87834bbe1147d91d5d41a404da2ec27d

PODFILE CHECKSUM: 356750d0309853b43004aee3eb0e8d67856d60e2

COCOAPODS: 1.11.2
